
Microsoft Visual Studio Solution File, Format Version 12.00
# Visual Studio 15
VisualStudioVersion = 15.0.28010.2050
MinimumVisualStudioVersion = 10.0.40219.1
Project("{FAE04EC0-301F-11D3-BF4B-00C04F79EFBC}") = "BasePlatformWebNetCore", "BasePlatformWebNetCore\BasePlatformWebNetCore.csproj", "{382DADA6-D188-409C-9891-4EDC31AFD359}"
EndProject
Global
	GlobalSection(SolutionConfigurationPlatforms) = preSolution
		Debug|Any CPU = Debug|Any CPU
		Release|Any CPU = Release|Any CPU
	EndGlobalSection
	GlobalSection(ProjectConfigurationPlatforms) = postSolution
		{382DADA6-D188-409C-9891-4EDC31AFD359}.Debug|Any CPU.ActiveCfg = Debug|Any CPU
		{382DADA6-D188-409C-9891-4EDC31AFD359}.Debug|Any CPU.Build.0 = Debug|Any CPU
		{382DADA6-D188-409C-9891-4EDC31AFD359}.Release|Any CPU.ActiveCfg = Release|Any CPU
		{382DADA6-D188-409C-9891-4EDC31AFD359}.Release|Any CPU.Build.0 = Release|Any CPU
	EndGlobalSection
	GlobalSection(SolutionProperties) = preSolution
		HideSolutionNode = FALSE
	EndGlobalSection
	GlobalSection(ExtensibilityGlobals) = postSolution
		SolutionGuid = {31D764D6-856D-46B3-A321-EE267C461BE5}
	EndGlobalSection
EndGlobal
